
Microsoft Visual Studio Solution File, Format Version 12.00
# Visual Studio Version 17
VisualStudioVersion = 17.13.35825.156 d17.13
MinimumVisualStudioVersion = 10.0.40219.1
Project("{FAE04EC0-301F-11D3-BF4B-00C04F79EFBC}") = "GalatisRestaurant", "GalatisRestaurant\GalatisRestaurant.csproj", "{10BD787E-F9D7-4A0C-B458-828EF437D45E}"
EndProject
Global
	GlobalSection(SolutionConfigurationPlatforms) = preSolution
		Debug|Any CPU = Debug|Any CPU
		Release|Any CPU = Release|Any CPU
	EndGlobalSection
	GlobalSection(ProjectConfigurationPlatforms) = postSolution
		{10BD787E-F9D7-4A0C-B458-828EF437D45E}.Debug|Any CPU.ActiveCfg = Debug|Any CPU
		{10BD787E-F9D7-4A0C-B458-828EF437D45E}.Debug|Any CPU.Build.0 = Debug|Any CPU
		{10BD787E-F9D7-4A0C-B458-828EF437D45E}.Release|Any CPU.ActiveCfg = Release|Any CPU
		{10BD787E-F9D7-4A0C-B458-828EF437D45E}.Release|Any CPU.Build.0 = Release|Any CPU
	EndGlobalSection
	GlobalSection(SolutionProperties) = preSolution
		HideSolutionNode = FALSE
	EndGlobalSection
	GlobalSection(ExtensibilityGlobals) = postSolution
		SolutionGuid = {B9B08D15-90D5-4D3E-82BF-8F7C84364AC2}
	EndGlobalSection
EndGlobal
